# THIS IS AN AUTOGENERATED FILE. DO NOT EDIT THIS FILE DIRECTLY.
# yarn lockfile v1


"@babel/runtime@^7.10.5", "@babel/runtime@^7.15.4":
  version "7.16.7"
  resolved "https://registry.yarnpkg.com/@babel/runtime/-/runtime-7.16.7.tgz#03ff99f64106588c9c403c6ecb8c3bafbbdff1fa"
  integrity sha512-9E9FJowqAsytyOY6LG+1KuueckRL+aQW+mKvXRXnuFGyRAyepJPmEo9vgMfXUA6O9u3IeEdv9MAkppFcaQwogQ==
  dependencies:
    regenerator-runtime "^0.13.4"

"@types/lodash@^4.14.175":
  version "4.14.178"
  resolved "https://registry.yarnpkg.com/@types/lodash/-/lodash-4.14.178.tgz#341f6d2247db528d4a13ddbb374bcdc80406f4f8"
  integrity sha512-0d5Wd09ItQWH1qFbEyQ7oTQ3GZrMfth5JkbN3EvTKLXcHLRDSXeLnlvlOn0wvxVIwK5o2M8JzP/OWz7T3NRsbw==

fn-name@~3.0.0:
  version "3.0.0"
  resolved "https://registry.yarnpkg.com/fn-name/-/fn-name-3.0.0.tgz#0596707f635929634d791f452309ab41558e3c5c"
  integrity sha512-eNMNr5exLoavuAMhIUVsOKF79SWd/zG104ef6sxBTSw+cZc6BXdQXDvYcGvp0VbxVVSp1XDUNoz7mg1xMtSznA==

get-own-enumerable-property-symbols@^3.0.0:
  version "3.0.2"
  resolved "https://registry.yarnpkg.com/get-own-enumerable-property-symbols/-/get-own-enumerable-property-symbols-3.0.2.tgz#b5fde77f22cbe35f390b4e089922c50bce6ef664"
  integrity sha512-I0UBV/XOz1XkIJHEUDMZAbzCThU/H8DxmSfmdGcKPnVhu2VfFqr34jr9777IyaTYvxjedWhqVIilEDsCdP5G6g==

is-absolute-url@^3.0.0:
  version "3.0.3"
  resolved "https://registry.yarnpkg.com/is-absolute-url/-/is-absolute-url-3.0.3.tgz#96c6a22b6a23929b11ea0afb1836c36ad4a5d698"
  integrity sha512-opmNIX7uFnS96NtPmhWQgQx6/NYFgsUXYMllcfzwWKUMwfo8kku1TvE6hkNcH+Q1ts5cMVrsY7j0bxXQDciu9Q==

is-obj@^1.0.1:
  version "1.0.1"
  resolved "https://registry.yarnpkg.com/is-obj/-/is-obj-1.0.1.tgz#3e4729ac1f5fde025cd7d83a896dab9f4f67db0f"
  integrity sha1-PkcprB9f3gJc19g6iW2rn09n2w8=

is-regexp@^1.0.0:
  version "1.0.0"
  resolved "https://registry.yarnpkg.com/is-regexp/-/is-regexp-1.0.0.tgz#fd2d883545c46bac5a633e7b9a09e87fa2cb5069"
  integrity sha1-/S2INUXEa6xaYz57mgnof6LLUGk=

is-relative-url@3.0.0:
  version "3.0.0"
  resolved "https://registry.yarnpkg.com/is-relative-url/-/is-relative-url-3.0.0.tgz#f623c8e26baa5bd3742b3b7ec074f50f3b45b3f3"
  integrity sha512-U1iSYRlY2GIMGuZx7gezlB5dp1Kheaym7zKzO1PV06mOihiWTXejLwm4poEJysPyXF+HtK/BEd0DVlcCh30pEA==
  dependencies:
    is-absolute-url "^3.0.0"

json-schema-yup-transformer@^1.6.0:
  version "1.6.0"
  resolved "https://registry.yarnpkg.com/json-schema-yup-transformer/-/json-schema-yup-transformer-1.6.0.tgz#e1c629bd1447435fce871bb8bcd0a894c61ca429"
  integrity sha512-fxS3g2t+taJ8ZBlbmA8rK3YO9SyjeQxvCIIJxC8iDsaqnGn0SVI3DnFePdmtHmYmyor9mlKOKvk6Sc0YT2ZP7Q==
  dependencies:
    is-relative-url "3.0.0"
    lodash "4.17.21"
    stringify-object "^3.3.0"
    yup "^0.29.1"

lodash-es@^4.17.11, lodash-es@^4.17.21:
  version "4.17.21"
  resolved "https://registry.yarnpkg.com/lodash-es/-/lodash-es-4.17.21.tgz#43e626c46e6591b7750beb2b50117390c609e3ee"
  integrity sha512-mKnC+QJ9pWVzv+C4/U3rRsHapFfHvQFoFB92e52xeyGMcX6/OlIl78je1u8vePzYZSkkogMPJ2yjxxsb89cxyw==

lodash@4.17.21, lodash@^4.17.15, lodash@^4.17.21:
  version "4.17.21"
  resolved "https://registry.yarnpkg.com/lodash/-/lodash-4.17.21.tgz#679591c564c3bffaae8454cf0b3df370c3d6911c"
  integrity sha512-v2kDEe57lecTulaDIuNTPy3Ry4gLGJ6Z1O3vE1krgXZNrsQ+LFTGHVxVjcXPs17LhbZVGedAJv8XZ1tvj5FvSg==

nanoclone@^0.2.1:
  version "0.2.1"
  resolved "https://registry.yarnpkg.com/nanoclone/-/nanoclone-0.2.1.tgz#dd4090f8f1a110d26bb32c49ed2f5b9235209ed4"
  integrity sha512-wynEP02LmIbLpcYw8uBKpcfF6dmg2vcpKqxeH5UcoKEYdExslsdUA4ugFauuaeYdTB76ez6gJW8XAZ6CgkXYxA==

property-expr@^2.0.2, property-expr@^2.0.4:
  version "2.0.4"
  resolved "https://registry.yarnpkg.com/property-expr/-/property-expr-2.0.4.tgz#37b925478e58965031bb612ec5b3260f8241e910"
  integrity sha512-sFPkHQjVKheDNnPvotjQmm3KD3uk1fWKUN7CrpdbwmUx3CrG3QiM8QpTSimvig5vTXmTvjz7+TDvXOI9+4rkcg==

regenerator-runtime@^0.13.4:
  version "0.13.9"
  resolved "https://registry.yarnpkg.com/regenerator-runtime/-/regenerator-runtime-0.13.9.tgz#8925742a98ffd90814988d7566ad30ca3b263b52"
  integrity sha512-p3VT+cOEgxFsRRA9X4lkI1E+k2/CtnKtU4gcxyaCUreilL/vqI6CdZ3wxVUx3UOUg+gnUOQQcRI7BmSI656MYA==

stringify-object@^3.3.0:
  version "3.3.0"
  resolved "https://registry.yarnpkg.com/stringify-object/-/stringify-object-3.3.0.tgz#703065aefca19300d3ce88af4f5b3956d7556629"
  integrity sha512-rHqiFh1elqCQ9WPLIC8I0Q/g/wj5J1eMkyoiD6eoQApWHP0FtlK7rqnhmabL5VUY9JQCcqwwvlOaSuutekgyrw==
  dependencies:
    get-own-enumerable-property-symbols "^3.0.0"
    is-obj "^1.0.1"
    is-regexp "^1.0.0"

synchronous-promise@^2.0.13:
  version "2.0.15"
  resolved "https://registry.yarnpkg.com/synchronous-promise/-/synchronous-promise-2.0.15.tgz#07ca1822b9de0001f5ff73595f3d08c4f720eb8e"
  integrity sha512-k8uzYIkIVwmT+TcglpdN50pS2y1BDcUnBPK9iJeGu0Pl1lOI8pD6wtzgw91Pjpe+RxtTncw32tLxs/R0yNL2Mg==

toposort@^2.0.2:
  version "2.0.2"
  resolved "https://registry.yarnpkg.com/toposort/-/toposort-2.0.2.tgz#ae21768175d1559d48bef35420b2f4962f09c330"
  integrity sha1-riF2gXXRVZ1IvvNUILL0li8JwzA=

yup@^0.29.1:
  version "0.29.3"
  resolved "https://registry.yarnpkg.com/yup/-/yup-0.29.3.tgz#69a30fd3f1c19f5d9e31b1cf1c2b851ce8045fea"
  integrity sha512-RNUGiZ/sQ37CkhzKFoedkeMfJM0vNQyaz+wRZJzxdKE7VfDeVKH8bb4rr7XhRLbHJz5hSjoDNwMEIaKhuMZ8gQ==
  dependencies:
    "@babel/runtime" "^7.10.5"
    fn-name "~3.0.0"
    lodash "^4.17.15"
    lodash-es "^4.17.11"
    property-expr "^2.0.2"
    synchronous-promise "^2.0.13"
    toposort "^2.0.2"

yup@^0.32.11:
  version "0.32.11"
  resolved "https://registry.yarnpkg.com/yup/-/yup-0.32.11.tgz#d67fb83eefa4698607982e63f7ca4c5ed3cf18c5"
  integrity sha512-Z2Fe1bn+eLstG8DRR6FTavGD+MeAwyfmouhHsIUgaADz8jvFKbO/fXc2trJKZg+5EBjh4gGm3iU/t3onKlXHIg==
  dependencies:
    "@babel/runtime" "^7.15.4"
    "@types/lodash" "^4.14.175"
    lodash "^4.17.21"
    lodash-es "^4.17.21"
    nanoclone "^0.2.1"
    property-expr "^2.0.4"
    toposort "^2.0.2"
